
Microsoft Visual Studio Solution File, Format Version 12.00
# Visual Studio Version 17
VisualStudioVersion = 17.5.33530.505
MinimumVisualStudioVersion = 10.0.40219.1
Project("{8BC9CEB8-8B4A-11D0-8D11-00A0C91BC942}") = "UMS", "UMS.vcxproj", "{87D3A7E2-CABB-4E3C-81E0-AF0EF5DC83FD}"
EndProject
Global
	GlobalSection(SolutionConfigurationPlatforms) = preSolution
		Debug|x64 = Debug|x64
		Debug|x86 = Debug|x86
		Release|x64 = Release|x64
		Release|x86 = Release|x86
	EndGlobalSection
	GlobalSection(ProjectConfigurationPlatforms) = postSolution
		{87D3A7E2-CABB-4E3C-81E0-AF0EF5DC83FD}.Debug|x64.ActiveCfg = Debug|x64
		{87D3A7E2-CABB-4E3C-81E0-AF0EF5DC83FD}.Debug|x64.Build.0 = Debug|x64
		{87D3A7E2-CABB-4E3C-81E0-AF0EF5DC83FD}.Debug|x86.ActiveCfg = Debug|Win32
		{87D3A7E2-CABB-4E3C-81E0-AF0EF5DC83FD}.Debug|x86.Build.0 = Debug|Win32
		{87D3A7E2-CABB-4E3C-81E0-AF0EF5DC83FD}.Release|x64.ActiveCfg = Release|x64
		{87D3A7E2-CABB-4E3C-81E0-AF0EF5DC83FD}.Release|x64.Build.0 = Release|x64
		{87D3A7E2-CABB-4E3C-81E0-AF0EF5DC83FD}.Release|x86.ActiveCfg = Release|Win32
		{87D3A7E2-CABB-4E3C-81E0-AF0EF5DC83FD}.Release|x86.Build.0 = Release|Win32
	EndGlobalSection
	GlobalSection(SolutionProperties) = preSolution
		HideSolutionNode = FALSE
	EndGlobalSection
	GlobalSection(ExtensibilityGlobals) = postSolution
		SolutionGuid = {7D3B3C2F-1FC7-46C2-AD96-F777566DE716}
	EndGlobalSection
EndGlobal
